
Microsoft Visual Studio Solution File, Format Version 12.00
Project("{8BC9CEB8-8B4A-11D0-8D11-00A0C91BC942}") = "B_OpenGL_窗口与基础", "B_OpenGL_窗口与基础\B_OpenGL_窗口与基础.vcxproj", "{8A0B299E-F077-4494-A809-408FF5C94813}"
EndProject
Project("{8BC9CEB8-8B4A-11D0-8D11-00A0C91BC942}") = "C_OpenGL_三角形", "C_OpenGL_三角形\C_OpenGL_三角形.vcxproj", "{8FF7A924-EEC3-455C-8D63-D9212FCE9578}"
EndProject
Project("{8BC9CEB8-8B4A-11D0-8D11-00A0C91BC942}") = "A_OpenGL_Utils", "A_OpenGL_Utils\A_OpenGL_Utils.vcxproj", "{21146B3B-3AE3-45DD-A826-331759B06D7F}"
EndProject
Project("{8BC9CEB8-8B4A-11D0-8D11-00A0C91BC942}") = "D_OpenGL_简单三角形纹理", "D_OpenGL_简单三角形纹理\D_OpenGL_简单三角形纹理.vcxproj", "{554824AA-F251-4063-AD9F-5FCE6138AA24}"
EndProject
Project("{8BC9CEB8-8B4A-11D0-8D11-00A0C91BC942}") = "E_OpenGL_正方形纹理_EBO", "E_OpenGL_正方形纹理_EBO\E_OpenGL_正方形纹理_EBO.vcxproj", "{9973EBEA-9EBF-4310-957B-66A087A8EC89}"
EndProject
Project("{8BC9CEB8-8B4A-11D0-8D11-00A0C91BC942}") = "F_OpenGL_设置多个纹理_纹理单元", "F_OpenGL_设置多个纹理_纹理单元\F_OpenGL_设置多个纹理_纹理单元.vcxproj", "{5FD016A9-1006-429A-9F9F-66F18C412964}"
EndProject
Global
	GlobalSection(SolutionConfigurationPlatforms) = preSolution
		Debug|Win32 = Debug|Win32
		Debug|x64 = Debug|x64
		Release|Win32 = Release|Win32
		Release|x64 = Release|x64
	EndGlobalSection
	GlobalSection(ProjectConfigurationPlatforms) = postSolution
		{8A0B299E-F077-4494-A809-408FF5C94813}.Debug|Win32.ActiveCfg = Debug|Win32
		{8A0B299E-F077-4494-A809-408FF5C94813}.Debug|Win32.Build.0 = Debug|Win32
		{8A0B299E-F077-4494-A809-408FF5C94813}.Debug|x64.ActiveCfg = Debug|x64
		{8A0B299E-F077-4494-A809-408FF5C94813}.Debug|x64.Build.0 = Debug|x64
		{8A0B299E-F077-4494-A809-408FF5C94813}.Release|Win32.ActiveCfg = Release|Win32
		{8A0B299E-F077-4494-A809-408FF5C94813}.Release|Win32.Build.0 = Release|Win32
		{8A0B299E-F077-4494-A809-408FF5C94813}.Release|x64.ActiveCfg = Release|x64
		{8A0B299E-F077-4494-A809-408FF5C94813}.Release|x64.Build.0 = Release|x64
		{8FF7A924-EEC3-455C-8D63-D9212FCE9578}.Debug|Win32.ActiveCfg = Debug|Win32
		{8FF7A924-EEC3-455C-8D63-D9212FCE9578}.Debug|Win32.Build.0 = Debug|Win32
		{8FF7A924-EEC3-455C-8D63-D9212FCE9578}.Debug|x64.ActiveCfg = Debug|x64
		{8FF7A924-EEC3-455C-8D63-D9212FCE9578}.Debug|x64.Build.0 = Debug|x64
		{8FF7A924-EEC3-455C-8D63-D9212FCE9578}.Release|Win32.ActiveCfg = Release|Win32
		{8FF7A924-EEC3-455C-8D63-D9212FCE9578}.Release|Win32.Build.0 = Release|Win32
		{8FF7A924-EEC3-455C-8D63-D9212FCE9578}.Release|x64.ActiveCfg = Release|x64
		{8FF7A924-EEC3-455C-8D63-D9212FCE9578}.Release|x64.Build.0 = Release|x64
		{21146B3B-3AE3-45DD-A826-331759B06D7F}.Debug|Win32.ActiveCfg = Debug|Win32
		{21146B3B-3AE3-45DD-A826-331759B06D7F}.Debug|Win32.Build.0 = Debug|Win32
		{21146B3B-3AE3-45DD-A826-331759B06D7F}.Debug|x64.ActiveCfg = Debug|x64
		{21146B3B-3AE3-45DD-A826-331759B06D7F}.Debug|x64.Build.0 = Debug|x64
		{21146B3B-3AE3-45DD-A826-331759B06D7F}.Release|Win32.ActiveCfg = Release|Win32
		{21146B3B-3AE3-45DD-A826-331759B06D7F}.Release|Win32.Build.0 = Release|Win32
		{21146B3B-3AE3-45DD-A826-331759B06D7F}.Release|x64.ActiveCfg = Release|x64
		{21146B3B-3AE3-45DD-A826-331759B06D7F}.Release|x64.Build.0 = Release|x64
		{554824AA-F251-4063-AD9F-5FCE6138AA24}.Debug|Win32.ActiveCfg = Debug|Win32
		{554824AA-F251-4063-AD9F-5FCE6138AA24}.Debug|Win32.Build.0 = Debug|Win32
		{554824AA-F251-4063-AD9F-5FCE6138AA24}.Debug|x64.ActiveCfg = Debug|x64
		{554824AA-F251-4063-AD9F-5FCE6138AA24}.Debug|x64.Build.0 = Debug|x64
		{554824AA-F251-4063-AD9F-5FCE6138AA24}.Release|Win32.ActiveCfg = Release|Win32
		{554824AA-F251-4063-AD9F-5FCE6138AA24}.Release|Win32.Build.0 = Release|Win32
		{554824AA-F251-4063-AD9F-5FCE6138AA24}.Release|x64.ActiveCfg = Release|x64
		{554824AA-F251-4063-AD9F-5FCE6138AA24}.Release|x64.Build.0 = Release|x64
		{9973EBEA-9EBF-4310-957B-66A087A8EC89}.Debug|Win32.ActiveCfg = Debug|Win32
		{9973EBEA-9EBF-4310-957B-66A087A8EC89}.Debug|Win32.Build.0 = Debug|Win32
		{9973EBEA-9EBF-4310-957B-66A087A8EC89}.Debug|x64.ActiveCfg = Debug|x64
		{9973EBEA-9EBF-4310-957B-66A087A8EC89}.Debug|x64.Build.0 = Debug|x64
		{9973EBEA-9EBF-4310-957B-66A087A8EC89}.Release|Win32.ActiveCfg = Release|Win32
		{9973EBEA-9EBF-4310-957B-66A087A8EC89}.Release|Win32.Build.0 = Release|Win32
		{9973EBEA-9EBF-4310-957B-66A087A8EC89}.Release|x64.ActiveCfg = Release|x64
		{9973EBEA-9EBF-4310-957B-66A087A8EC89}.Release|x64.Build.0 = Release|x64
		{5FD016A9-1006-429A-9F9F-66F18C412964}.Debug|Win32.ActiveCfg = Debug|Win32
		{5FD016A9-1006-429A-9F9F-66F18C412964}.Debug|Win32.Build.0 = Debug|Win32
		{5FD016A9-1006-429A-9F9F-66F18C412964}.Debug|x64.ActiveCfg = Debug|x64
		{5FD016A9-1006-429A-9F9F-66F18C412964}.Debug|x64.Build.0 = Debug|x64
		{5FD016A9-1006-429A-9F9F-66F18C412964}.Release|Win32.ActiveCfg = Release|Win32
		{5FD016A9-1006-429A-9F9F-66F18C412964}.Release|Win32.Build.0 = Release|Win32
		{5FD016A9-1006-429A-9F9F-66F18C412964}.Release|x64.ActiveCfg = Release|x64
		{5FD016A9-1006-429A-9F9F-66F18C412964}.Release|x64.Build.0 = Release|x64
	EndGlobalSection
EndGlobal
